
Microsoft Visual Studio Solution File, Format Version 12.00
# Visual Studio 14
VisualStudioVersion = 14.0.24720.0
MinimumVisualStudioVersion = 10.0.40219.1
Project("{FAE04EC0-301F-11D3-BF4B-00C04F79EFBC}") = "CookAdvisor.WebApi", "CookAdvisor.WebApi\CookAdvisor.WebApi.csproj", "{A45FE2EC-BED4-4F27-AA7E-49A789ED3507}"
EndProject
Project("{FAE04EC0-301F-11D3-BF4B-00C04F79EFBC}") = "CookAdvisor.Models", "CookAdvisor.Models\CookAdvisor.Models.csproj", "{923E16E4-A549-40B3-AD28-1619DDFDA8D0}"
EndProject
Project("{FAE04EC0-301F-11D3-BF4B-00C04F79EFBC}") = "CookAdvisor.Data", "CookAdvisor.Data\CookAdvisor.Data.csproj", "{D1833809-4B66-430A-B69B-63F1DB0787F5}"
EndProject
Project("{2150E333-8FDC-42A3-9474-1A3956D46DE8}") = "Server", "Server", "{D803162C-B8BA-447B-BDE2-CF2F01303653}"
EndProject
Project("{2150E333-8FDC-42A3-9474-1A3956D46DE8}") = "Client", "Client", "{DDF102A4-2729-4049-8934-74226C647FEC}"
EndProject
Project("{FAE04EC0-301F-11D3-BF4B-00C04F79EFBC}") = "CookAdvisor.Client", "CookAdvisor.Client\CookAdvisor.Client.csproj", "{23711594-A9CB-4393-97C9-B14E5ADB7732}"
EndProject
Project("{FAE04EC0-301F-11D3-BF4B-00C04F79EFBC}") = "CookAdvisor.Services", "CookAdvisor.Services\CookAdvisor.Services.csproj", "{8F859CE2-2B5A-4B62-A128-C7FE1EC1EC24}"
EndProject
Global
	GlobalSection(SolutionConfigurationPlatforms) = preSolution
		Debug|Any CPU = Debug|Any CPU
		Debug|ARM = Debug|ARM
		Debug|x64 = Debug|x64
		Debug|x86 = Debug|x86
		Release|Any CPU = Release|Any CPU
		Release|ARM = Release|ARM
		Release|x64 = Release|x64
		Release|x86 = Release|x86
	EndGlobalSection
	GlobalSection(ProjectConfigurationPlatforms) = postSolution
		{A45FE2EC-BED4-4F27-AA7E-49A789ED3507}.Debug|Any CPU.ActiveCfg = Debug|Any CPU
		{A45FE2EC-BED4-4F27-AA7E-49A789ED3507}.Debug|Any CPU.Build.0 = Debug|Any CPU
		{A45FE2EC-BED4-4F27-AA7E-49A789ED3507}.Debug|ARM.ActiveCfg = Debug|Any CPU
		{A45FE2EC-BED4-4F27-AA7E-49A789ED3507}.Debug|ARM.Build.0 = Debug|Any CPU
		{A45FE2EC-BED4-4F27-AA7E-49A789ED3507}.Debug|x64.ActiveCfg = Debug|Any CPU
		{A45FE2EC-BED4-4F27-AA7E-49A789ED3507}.Debug|x64.Build.0 = Debug|Any CPU
		{A45FE2EC-BED4-4F27-AA7E-49A789ED3507}.Debug|x86.ActiveCfg = Debug|Any CPU
		{A45FE2EC-BED4-4F27-AA7E-49A789ED3507}.Debug|x86.Build.0 = Debug|Any CPU
		{A45FE2EC-BED4-4F27-AA7E-49A789ED3507}.Release|Any CPU.ActiveCfg = Release|Any CPU
		{A45FE2EC-BED4-4F27-AA7E-49A789ED3507}.Release|Any CPU.Build.0 = Release|Any CPU
		{A45FE2EC-BED4-4F27-AA7E-49A789ED3507}.Release|ARM.ActiveCfg = Release|Any CPU
		{A45FE2EC-BED4-4F27-AA7E-49A789ED3507}.Release|ARM.Build.0 = Release|Any CPU
		{A45FE2EC-BED4-4F27-AA7E-49A789ED3507}.Release|x64.ActiveCfg = Release|Any CPU
		{A45FE2EC-BED4-4F27-AA7E-49A789ED3507}.Release|x64.Build.0 = Release|Any CPU
		{A45FE2EC-BED4-4F27-AA7E-49A789ED3507}.Release|x86.ActiveCfg = Release|Any CPU
		{A45FE2EC-BED4-4F27-AA7E-49A789ED3507}.Release|x86.Build.0 = Release|Any CPU
		{923E16E4-A549-40B3-AD28-1619DDFDA8D0}.Debug|Any CPU.ActiveCfg = Debug|Any CPU
		{923E16E4-A549-40B3-AD28-1619DDFDA8D0}.Debug|Any CPU.Build.0 = Debug|Any CPU
		{923E16E4-A549-40B3-AD28-1619DDFDA8D0}.Debug|ARM.ActiveCfg = Debug|Any CPU
		{923E16E4-A549-40B3-AD28-1619DDFDA8D0}.Debug|ARM.Build.0 = Debug|Any CPU
		{923E16E4-A549-40B3-AD28-1619DDFDA8D0}.Debug|x64.ActiveCfg = Debug|Any CPU
		{923E16E4-A549-40B3-AD28-1619DDFDA8D0}.Debug|x64.Build.0 = Debug|Any CPU
		{923E16E4-A549-40B3-AD28-1619DDFDA8D0}.Debug|x86.ActiveCfg = Debug|Any CPU
		{923E16E4-A549-40B3-AD28-1619DDFDA8D0}.Debug|x86.Build.0 = Debug|Any CPU
		{923E16E4-A549-40B3-AD28-1619DDFDA8D0}.Release|Any CPU.ActiveCfg = Release|Any CPU
		{923E16E4-A549-40B3-AD28-1619DDFDA8D0}.Release|Any CPU.Build.0 = Release|Any CPU
		{923E16E4-A549-40B3-AD28-1619DDFDA8D0}.Release|ARM.ActiveCfg = Release|Any CPU
		{923E16E4-A549-40B3-AD28-1619DDFDA8D0}.Release|ARM.Build.0 = Release|Any CPU
		{923E16E4-A549-40B3-AD28-1619DDFDA8D0}.Release|x64.ActiveCfg = Release|Any CPU
		{923E16E4-A549-40B3-AD28-1619DDFDA8D0}.Release|x64.Build.0 = Release|Any CPU
		{923E16E4-A549-40B3-AD28-1619DDFDA8D0}.Release|x86.ActiveCfg = Release|Any CPU
		{923E16E4-A549-40B3-AD28-1619DDFDA8D0}.Release|x86.Build.0 = Release|Any CPU
		{D1833809-4B66-430A-B69B-63F1DB0787F5}.Debug|Any CPU.ActiveCfg = Debug|Any CPU
		{D1833809-4B66-430A-B69B-63F1DB0787F5}.Debug|Any CPU.Build.0 = Debug|Any CPU
		{D1833809-4B66-430A-B69B-63F1DB0787F5}.Debug|ARM.ActiveCfg = Debug|Any CPU
		{D1833809-4B66-430A-B69B-63F1DB0787F5}.Debug|ARM.Build.0 = Debug|Any CPU
		{D1833809-4B66-430A-B69B-63F1DB0787F5}.Debug|x64.ActiveCfg = Debug|Any CPU
		{D1833809-4B66-430A-B69B-63F1DB0787F5}.Debug|x64.Build.0 = Debug|Any CPU
		{D1833809-4B66-430A-B69B-63F1DB0787F5}.Debug|x86.ActiveCfg = Debug|Any CPU
		{D1833809-4B66-430A-B69B-63F1DB0787F5}.Debug|x86.Build.0 = Debug|Any CPU
		{D1833809-4B66-430A-B69B-63F1DB0787F5}.Release|Any CPU.ActiveCfg = Release|Any CPU
		{D1833809-4B66-430A-B69B-63F1DB0787F5}.Release|Any CPU.Build.0 = Release|Any CPU
		{D1833809-4B66-430A-B69B-63F1DB0787F5}.Release|ARM.ActiveCfg = Release|Any CPU
		{D1833809-4B66-430A-B69B-63F1DB0787F5}.Release|ARM.Build.0 = Release|Any CPU
		{D1833809-4B66-430A-B69B-63F1DB0787F5}.Release|x64.ActiveCfg = Release|Any CPU
		{D1833809-4B66-430A-B69B-63F1DB0787F5}.Release|x64.Build.0 = Release|Any CPU
		{D1833809-4B66-430A-B69B-63F1DB0787F5}.Release|x86.ActiveCfg = Release|Any CPU
		{D1833809-4B66-430A-B69B-63F1DB0787F5}.Release|x86.Build.0 = Release|Any CPU
		{23711594-A9CB-4393-97C9-B14E5ADB7732}.Debug|Any CPU.ActiveCfg = Debug|x86
		{23711594-A9CB-4393-97C9-B14E5ADB7732}.Debug|ARM.ActiveCfg = Debug|ARM
		{23711594-A9CB-4393-97C9-B14E5ADB7732}.Debug|ARM.Build.0 = Debug|ARM
		{23711594-A9CB-4393-97C9-B14E5ADB7732}.Debug|ARM.Deploy.0 = Debug|ARM
		{23711594-A9CB-4393-97C9-B14E5ADB7732}.Debug|x64.ActiveCfg = Debug|x64
		{23711594-A9CB-4393-97C9-B14E5ADB7732}.Debug|x64.Build.0 = Debug|x64
		{23711594-A9CB-4393-97C9-B14E5ADB7732}.Debug|x64.Deploy.0 = Debug|x64
		{23711594-A9CB-4393-97C9-B14E5ADB7732}.Debug|x86.ActiveCfg = Debug|x86
		{23711594-A9CB-4393-97C9-B14E5ADB7732}.Debug|x86.Build.0 = Debug|x86
		{23711594-A9CB-4393-97C9-B14E5ADB7732}.Debug|x86.Deploy.0 = Debug|x86
		{23711594-A9CB-4393-97C9-B14E5ADB7732}.Release|Any CPU.ActiveCfg = Release|x86
		{23711594-A9CB-4393-97C9-B14E5ADB7732}.Release|ARM.ActiveCfg = Release|ARM
		{23711594-A9CB-4393-97C9-B14E5ADB7732}.Release|ARM.Build.0 = Release|ARM
		{23711594-A9CB-4393-97C9-B14E5ADB7732}.Release|ARM.Deploy.0 = Release|ARM
		{23711594-A9CB-4393-97C9-B14E5ADB7732}.Release|x64.ActiveCfg = Release|x64
		{23711594-A9CB-4393-97C9-B14E5ADB7732}.Release|x64.Build.0 = Release|x64
		{23711594-A9CB-4393-97C9-B14E5ADB7732}.Release|x64.Deploy.0 = Release|x64
		{23711594-A9CB-4393-97C9-B14E5ADB7732}.Release|x86.ActiveCfg = Release|x86
		{23711594-A9CB-4393-97C9-B14E5ADB7732}.Release|x86.Build.0 = Release|x86
		{23711594-A9CB-4393-97C9-B14E5ADB7732}.Release|x86.Deploy.0 = Release|x86
		{8F859CE2-2B5A-4B62-A128-C7FE1EC1EC24}.Debug|Any CPU.ActiveCfg = Debug|Any CPU
		{8F859CE2-2B5A-4B62-A128-C7FE1EC1EC24}.Debug|Any CPU.Build.0 = Debug|Any CPU
		{8F859CE2-2B5A-4B62-A128-C7FE1EC1EC24}.Debug|ARM.ActiveCfg = Debug|Any CPU
		{8F859CE2-2B5A-4B62-A128-C7FE1EC1EC24}.Debug|ARM.Build.0 = Debug|Any CPU
		{8F859CE2-2B5A-4B62-A128-C7FE1EC1EC24}.Debug|x64.ActiveCfg = Debug|Any CPU
		{8F859CE2-2B5A-4B62-A128-C7FE1EC1EC24}.Debug|x64.Build.0 = Debug|Any CPU
		{8F859CE2-2B5A-4B62-A128-C7FE1EC1EC24}.Debug|x86.ActiveCfg = Debug|Any CPU
		{8F859CE2-2B5A-4B62-A128-C7FE1EC1EC24}.Debug|x86.Build.0 = Debug|Any CPU
		{8F859CE2-2B5A-4B62-A128-C7FE1EC1EC24}.Release|Any CPU.ActiveCfg = Release|Any CPU
		{8F859CE2-2B5A-4B62-A128-C7FE1EC1EC24}.Release|Any CPU.Build.0 = Release|Any CPU
		{8F859CE2-2B5A-4B62-A128-C7FE1EC1EC24}.Release|ARM.ActiveCfg = Release|Any CPU
		{8F859CE2-2B5A-4B62-A128-C7FE1EC1EC24}.Release|ARM.Build.0 = Release|Any CPU
		{8F859CE2-2B5A-4B62-A128-C7FE1EC1EC24}.Release|x64.ActiveCfg = Release|Any CPU
		{8F859CE2-2B5A-4B62-A128-C7FE1EC1EC24}.Release|x64.Build.0 = Release|Any CPU
		{8F859CE2-2B5A-4B62-A128-C7FE1EC1EC24}.Release|x86.ActiveCfg = Release|Any CPU
		{8F859CE2-2B5A-4B62-A128-C7FE1EC1EC24}.Release|x86.Build.0 = Release|Any CPU
	EndGlobalSection
	GlobalSection(SolutionProperties) = preSolution
		HideSolutionNode = FALSE
	EndGlobalSection
	GlobalSection(NestedProjects) = preSolution
		{A45FE2EC-BED4-4F27-AA7E-49A789ED3507} = {D803162C-B8BA-447B-BDE2-CF2F01303653}
		{923E16E4-A549-40B3-AD28-1619DDFDA8D0} = {D803162C-B8BA-447B-BDE2-CF2F01303653}
		{D1833809-4B66-430A-B69B-63F1DB0787F5} = {D803162C-B8BA-447B-BDE2-CF2F01303653}
		{23711594-A9CB-4393-97C9-B14E5ADB7732} = {DDF102A4-2729-4049-8934-74226C647FEC}
		{8F859CE2-2B5A-4B62-A128-C7FE1EC1EC24} = {D803162C-B8BA-447B-BDE2-CF2F01303653}
	EndGlobalSection
EndGlobal
